
Microsoft Visual Studio Solution File, Format Version 11.00
# Visual Studio 2010 Express for Windows Phone
Project("{FAE04EC0-301F-11D3-BF4B-00C04F79EFBC}") = "WindowsPhoneGame1", "WindowsPhoneGame1\WindowsPhoneGame1\WindowsPhoneGame1.csproj", "{DB41BFE9-A102-4250-9CE2-F4CA5BB66FC8}"
EndProject
Project("{96E2B04D-8817-42C6-938A-82C39BA4D311}") = "WindowsPhoneGame1Content", "WindowsPhoneGame1\WindowsPhoneGame1Content\WindowsPhoneGame1Content.contentproj", "{FF8D3052-A374-42B8-8DF1-CACE3B0A9CB8}"
EndProject
Global
	GlobalSection(SolutionConfigurationPlatforms) = preSolution
		Debug|Windows Phone = Debug|Windows Phone
		Release|Windows Phone = Release|Windows Phone
	EndGlobalSection
	GlobalSection(ProjectConfigurationPlatforms) = postSolution
		{DB41BFE9-A102-4250-9CE2-F4CA5BB66FC8}.Debug|Windows Phone.ActiveCfg = Debug|Windows Phone
		{DB41BFE9-A102-4250-9CE2-F4CA5BB66FC8}.Debug|Windows Phone.Build.0 = Debug|Windows Phone
		{DB41BFE9-A102-4250-9CE2-F4CA5BB66FC8}.Debug|Windows Phone.Deploy.0 = Debug|Windows Phone
		{DB41BFE9-A102-4250-9CE2-F4CA5BB66FC8}.Release|Windows Phone.ActiveCfg = Release|Windows Phone
		{DB41BFE9-A102-4250-9CE2-F4CA5BB66FC8}.Release|Windows Phone.Build.0 = Release|Windows Phone
		{DB41BFE9-A102-4250-9CE2-F4CA5BB66FC8}.Release|Windows Phone.Deploy.0 = Release|Windows Phone
		{FF8D3052-A374-42B8-8DF1-CACE3B0A9CB8}.Debug|Windows Phone.ActiveCfg = Debug|Windows Phone
		{FF8D3052-A374-42B8-8DF1-CACE3B0A9CB8}.Release|Windows Phone.ActiveCfg = Release|Windows Phone
	EndGlobalSection
	GlobalSection(SolutionProperties) = preSolution
		HideSolutionNode = FALSE
	EndGlobalSection
EndGlobal
